// !$*UTF8*$!
{
	archiveVersion = 1;
	classes = {
	};
	objectVersion = 46;
	objects = {

/* Begin PBXBuildFile section */
		F349FB831E043F0D0070EDA7 /* AppDelegate.swift in Sources */ = {isa = PBXBuildFile; fileRef = F349FB821E043F0D0070EDA7 /* AppDelegate.swift */; };
		F349FB851E043F0D0070EDA7 /* ViewController.swift in Sources */ = {isa = PBXBuildFile; fileRef = F349FB841E043F0D0070EDA7 /* ViewController.swift */; };
		F349FB881E043F0D0070EDA7 /* Main.storyboard in Resources */ = {isa = PBXBuildFile; fileRef = F349FB861E043F0D0070EDA7 /* Main.storyboard */; };
		F349FB8A1E043F0D0070EDA7 /* Assets.xcassets in Resources */ = {isa = PBXBuildFile; fileRef = F349FB891E043F0D0070EDA7 /* Assets.xcassets */; };
		F349FB951E043FCC0070EDA7 /* DoubleButtonTableViewCell.swift in Sources */ = {isa = PBXBuildFile; fileRef = F349FB941E043FCC0070EDA7 /* DoubleButtonTableViewCell.swift */; };
/* End PBXBuildFile section */

/* Begin PBXFileReference section */
		F349FB7F1E043F0D0070EDA7 /* DoubleButtonTableCellDemo.app */ = {isa = PBXFileReference; explicitFileType = wrapper.application; includeInIndex = 0; path = DoubleButtonTableCellDemo.app; sourceTree = BUILT_PRODUCTS_DIR; };
		F349FB821E043F0D0070EDA7 /* AppDelegate.swift */ = {isa = PBXFileReference; lastKnownFileType = sourcecode.swift; path = AppDelegate.swift; sourceTree = "<group>"; };
		F349FB841E043F0D0070EDA7 /* ViewController.swift */ = {isa = PBXFileReference; lastKnownFileType = sourcecode.swift; path = ViewController.swift; sourceTree = "<group>"; };
		F349FB871E043F0D0070EDA7 /* Base */ = {isa = PBXFileReference; lastKnownFileType = file.storyboard; name = Base; path = Base.lproj/Main.storyboard; sourceTree = "<group>"; };
		F349FB891E043F0D0070EDA7 /* Assets.xcassets */ = {isa = PBXFileReference; lastKnownFileType = folder.assetcatalog; path = Assets.xcassets; sourceTree = "<group>"; };
		F349FB8E1E043F0D0070EDA7 /* Info.plist */ = {isa = PBXFileReference; lastKnownFileType = text.plist.xml; path = Info.plist; sourceTree = "<group>"; };
		F349FB941E043FCC0070EDA7 /* DoubleButtonTableViewCell.swift */ = {isa = PBXFileReference; fileEncoding = 4; lastKnownFileType = sourcecode.swift; path = DoubleButtonTableViewCell.swift; sourceTree = "<group>"; };
/* End PBXFileReference section */

/* Begin PBXFrameworksBuildPhase section */
		F349FB7C1E043F0D0070EDA7 /* Frameworks */ = {
			isa = PBXFrameworksBuildPhase;
			buildActionMask = 2147483647;
			files = (
			);
			runOnlyForDeploymentPostprocessing = 0;
		};
/* End PBXFrameworksBuildPhase section */

/* Begin PBXGroup section */
		F349FB761E043F0D0070EDA7 = {
			isa = PBXGroup;
			children = (
				F349FB811E043F0D0070EDA7 /* DoubleButtonTableCellDemo */,
				F349FB801E043F0D0070EDA7 /* Products */,
			);
			sourceTree = "<group>";
		};
		F349FB801E043F0D0070EDA7 /* Products */ = {
			isa = PBXGroup;
			children = (
				F349FB7F1E043F0D0070EDA7 /* DoubleButtonTableCellDemo.app */,
			);
			name = Products;
			sourceTree = "<group>";
		};
		F349FB811E043F0D0070EDA7 /* DoubleButtonTableCellDemo */ = {
			isa = PBXGroup;
			children = (
				F349FB821E043F0D0070EDA7 /* AppDelegate.swift */,
				F349FB841E043F0D0070EDA7 /* ViewController.swift */,
				F349FB941E043FCC0070EDA7 /* DoubleButtonTableViewCell.swift */,
				F349FB861E043F0D0070EDA7 /* Main.storyboard */,
				F349FB891E043F0D0070EDA7 /* Assets.xcassets */,
				F349FB8E1E043F0D0070EDA7 /* Info.plist */,
			);
			path = DoubleButtonTableCellDemo;
			sourceTree = "<group>";
		};
/* End PBXGroup section */

/* Begin PBXNativeTarget section */
		F349FB7E1E043F0D0070EDA7 /* DoubleButtonTableCellDemo */ = {
			isa = PBXNativeTarget;
			buildConfigurationList = F349FB911E043F0D0070EDA7 /* Build configuration list for PBXNativeTarget "DoubleButtonTableCellDemo" */;
			buildPhases = (
				F349FB7B1E043F0D0070EDA7 /* Sources */,
				F349FB7C1E043F0D0070EDA7 /* Frameworks */,
				F349FB7D1E043F0D0070EDA7 /* Resources */,
			);
			buildRules = (
			);
			dependencies = (
			);
			name = DoubleButtonTableCellDemo;
			productName = DoubleButtonTableCellDemo;
			productReference = F349FB7F1E043F0D0070EDA7 /* DoubleButtonTableCellDemo.app */;
			productType = "com.apple.product-type.application";
		};
/* End PBXNativeTarget section */

/* Begin PBXProject section */
		F349FB771E043F0D0070EDA7 /* Project object */ = {
			isa = PBXProject;
			attributes = {
				LastSwiftUpdateCheck = 0810;
				LastUpgradeCheck = 0810;
				ORGANIZATIONNAME = "Straight Edge Digital";
				TargetAttributes = {
					F349FB7E1E043F0D0070EDA7 = {
						CreatedOnToolsVersion = 8.1;
						DevelopmentTeam = NXCX4KC6V5;
						ProvisioningStyle = Automatic;
					};
				};
			};
			buildConfigurationList = F349FB7A1E043F0D0070EDA7 /* Build configuration list for PBXProject "DoubleButtonTableCellDemo" */;
			compatibilityVersion = "Xcode 3.2";
			developmentRegion = English;
			hasScannedForEncodings = 0;
			knownRegions = (
				en,
				Base,
			);
			mainGroup = F349FB761E043F0D0070EDA7;
			productRefGroup = F349FB801E043F0D0070EDA7 /* Products */;
			projectDirPath = "";
			projectRoot = "";
			targets = (
				F349FB7E1E043F0D0070EDA7 /* DoubleButtonTableCellDemo */,
			);
		};
/* End PBXProject section */

/* Begin PBXResourcesBuildPhase section */
		F349FB7D1E043F0D0070EDA7 /* Resources */ = {
			isa = PBXResourcesBuildPhase;
			buildActionMask = 2147483647;
			files = (
				F349FB8A1E043F0D0070EDA7 /* Assets.xcassets in Resources */,
				F349FB881E043F0D0070EDA7 /* Main.storyboard in Resources */,
			);
			runOnlyForDeploymentPostprocessing = 0;
		};
/* End PBXResourcesBuildPhase section */

/* Begin PBXSourcesBuildPhase section */
		F349FB7B1E043F0D0070EDA7 /* Sources */ = {
			isa = PBXSourcesBuildPhase;
			buildActionMask = 2147483647;
			files = (
				F349FB851E043F0D0070EDA7 /* ViewController.swift in Sources */,
				F349FB831E043F0D0070EDA7 /* AppDelegate.swift in Sources */,
				F349FB951E043FCC0070EDA7 /* DoubleButtonTableViewCell.swift in Sources */,
			);
			runOnlyForDeploymentPostprocessing = 0;
		};
/* End PBXSourcesBuildPhase section */

/* Begin PBXVariantGroup section */
		F349FB861E043F0D0070EDA7 /* Main.storyboard */ = {
			isa = PBXVariantGroup;
			children = (
				F349FB871E043F0D0070EDA7 /* Base */,
			);
			name = Main.storyboard;
			sourceTree = "<group>";
		};
/* End PBXVariantGroup section */

/* Begin XCBuildConfiguration section */
		F349FB8F1E043F0D0070EDA7 /* Debug */ = {
			isa = XCBuildConfiguration;
			buildSettings = {
				ALWAYS_SEARCH_USER_PATHS = NO;
				CLANG_ANALYZER_NONNULL = YES;
				CLANG_CXX_LANGUAGE_STANDARD = "gnu++0x";
				CLANG_CXX_LIBRARY = "libc++";
				CLANG_ENABLE_MODULES = YES;
				CLANG_ENABLE_OBJC_ARC = YES;
				CLANG_WARN_BOOL_CONVERSION = YES;
				CLANG_WARN_CONSTANT_CONVERSION = YES;
				CLANG_WARN_DIRECT_OBJC_ISA_USAGE = YES_ERROR;
				CLANG_WARN_DOCUMENTATION_COMMENTS = YES;
				CLANG_WARN_EMPTY_BODY = YES;
				CLANG_WARN_ENUM_CONVERSION = YES;
				CLANG_WARN_INFINITE_RECURSION = YES;
				CLANG_WARN_INT_CONVERSION = YES;
				CLANG_WARN_OBJC_ROOT_CLASS = YES_ERROR;
				CLANG_WARN_SUSPICIOUS_MOVES = YES;
				CLANG_WARN_UNREACHABLE_CODE = YES;
				CLANG_WARN__DUPLICATE_METHOD_MATCH = YES;
				"CODE_SIGN_IDENTITY[sdk=iphoneos*]" = "iPhone Developer";
				COPY_PHASE_STRIP = NO;
				DEBUG_INFORMATION_FORMAT = dwarf;
				ENABLE_STRICT_OBJC_MSGSEND = YES;
				ENABLE_TESTABILITY = YES;
				GCC_C_LANGUAGE_STANDARD = gnu99;
				GCC_DYNAMIC_NO_PIC = NO;
				GCC_NO_COMMON_BLOCKS = YES;
				GCC_OPTIMIZATION_LEVEL = 0;
				GCC_PREPROCESSOR_DEFINITIONS = (
					"DEBUG=1",
					"$(inherited)",
				);
				GCC_WARN_64_TO_32_BIT_CONVERSION = YES;
				GCC_WARN_ABOUT_RETURN_TYPE = YES_ERROR;
				GCC_WARN_UNDECLARED_SELECTOR = YES;
				GCC_WARN_UNINITIALIZED_AUTOS = YES_AGGRESSIVE;
				GCC_WARN_UNUSED_FUNCTION = YES;
				GCC_WARN_UNUSED_VARIABLE = YES;
				IPHONEOS_DEPLOYMENT_TARGET = 10.1;
				MTL_ENABLE_DEBUG_INFO = YES;
				ONLY_ACTIVE_ARCH = YES;
				SDKROOT = iphoneos;
				SWIFT_ACTIVE_COMPILATION_CONDITIONS = DEBUG;
				SWIFT_OPTIMIZATION_LEVEL = "-Onone";
				TARGETED_DEVICE_FAMILY = "1,2";
			};
			name = Debug;
		};
		F349FB901E043F0D0070EDA7 /* Release */ = {
			isa = XCBuildConfiguration;
			buildSettings = {
				ALWAYS_SEARCH_USER_PATHS = NO;
				CLANG_ANALYZER_NONNULL = YES;
				CLANG_CXX_LANGUAGE_STANDARD = "gnu++0x";
				CLANG_CXX_LIBRARY = "libc++";
				CLANG_ENABLE_MODULES = YES;
				CLANG_ENABLE_OBJC_ARC = YES;
				CLANG_WARN_BOOL_CONVERSION = YES;
				CLANG_WARN_CONSTANT_CONVERSION = YES;
				CLANG_WARN_DIRECT_OBJC_ISA_USAGE = YES_ERROR;
				CLANG_WARN_DOCUMENTATION_COMMENTS = YES;
				CLANG_WARN_EMPTY_BODY = YES;
				CLANG_WARN_ENUM_CONVERSION = YES;
				CLANG_WARN_INFINITE_RECURSION = YES;
				CLANG_WARN_INT_CONVERSION = YES;
				CLANG_WARN_OBJC_ROOT_CLASS = YES_ERROR;
				CLANG_WARN_SUSPICIOUS_MOVES = YES;
				CLANG_WARN_UNREACHABLE_CODE = YES;
				CLANG_WARN__DUPLICATE_METHOD_MATCH = YES;
				"CODE_SIGN_IDENTITY[sdk=iphoneos*]" = "iPhone Developer";
				COPY_PHASE_STRIP = NO;
				DEBUG_INFORMATION_FORMAT = "dwarf-with-dsym";
				ENABLE_NS_ASSERTIONS = NO;
				ENABLE_STRICT_OBJC_MSGSEND = YES;
				GCC_C_LANGUAGE_STANDARD = gnu99;
				GCC_NO_COMMON_BLOCKS = YES;
				GCC_WARN_64_TO_32_BIT_CONVERSION = YES;
				GCC_WARN_ABOUT_RETURN_TYPE = YES_ERROR;
				GCC_WARN_UNDECLARED_SELECTOR = YES;
				GCC_WARN_UNINITIALIZED_AUTOS = YES_AGGRESSIVE;
				GCC_WARN_UNUSED_FUNCTION = YES;
				GCC_WARN_UNUSED_VARIABLE = YES;
				IPHONEOS_DEPLOYMENT_TARGET = 10.1;
				MTL_ENABLE_DEBUG_INFO = NO;
				SDKROOT = iphoneos;
				SWIFT_OPTIMIZATION_LEVEL = "-Owholemodule";
				TARGETED_DEVICE_FAMILY = "1,2";
				VALIDATE_PRODUCT = YES;
			};
			name = Release;
		};
		F349FB921E043F0D0070EDA7 /* Debug */ = {
			isa = XCBuildConfiguration;
			buildSettings = {
				ASSETCATALOG_COMPILER_APPICON_NAME = AppIcon;
				DEVELOPMENT_TEAM = NXCX4KC6V5;
				INFOPLIST_FILE = DoubleButtonTableCellDemo/Info.plist;
				LD_RUNPATH_SEARCH_PATHS = "$(inherited) @executable_path/Frameworks";
				PRODUCT_BUNDLE_IDENTIFIER = co.straightedge.DoubleButtonTableCellDemo;
				PRODUCT_NAME = "$(TARGET_NAME)";
				SWIFT_VERSION = 3.0;
			};
			name = Debug;
		};
		F349FB931E043F0D0070EDA7 /* Release */ = {
			isa = XCBuildConfiguration;
			buildSettings = {
				ASSETCATALOG_COMPILER_APPICON_NAME = AppIcon;
				DEVELOPMENT_TEAM = NXCX4KC6V5;
				INFOPLIST_FILE = DoubleButtonTableCellDemo/Info.plist;
				LD_RUNPATH_SEARCH_PATHS = "$(inherited) @executable_path/Frameworks";
				PRODUCT_BUNDLE_IDENTIFIER = co.straightedge.DoubleButtonTableCellDemo;
				PRODUCT_NAME = "$(TARGET_NAME)";
				SWIFT_VERSION = 3.0;
			};
			name = Release;
		};
/* End XCBuildConfiguration section */

/* Begin XCConfigurationList section */
		F349FB7A1E043F0D0070EDA7 /* Build configuration list for PBXProject "DoubleButtonTableCellDemo" */ = {
			isa = XCConfigurationList;
			buildConfigurations = (
				F349FB8F1E043F0D0070EDA7 /* Debug */,
				F349FB901E043F0D0070EDA7 /* Release */,
			);
			defaultConfigurationIsVisible = 0;
			defaultConfigurationName = Release;
		};
		F349FB911E043F0D0070EDA7 /* Build configuration list for PBXNativeTarget "DoubleButtonTableCellDemo" */ = {
			isa = XCConfigurationList;
			buildConfigurations = (
				F349FB921E043F0D0070EDA7 /* Debug */,
				F349FB931E043F0D0070EDA7 /* Release */,
			);
			defaultConfigurationIsVisible = 0;
		};
/* End XCConfigurationList section */
	};
	rootObject = F349FB771E043F0D0070EDA7 /* Project object */;
}
